
Microsoft Visual Studio Solution File, Format Version 12.00
# Visual Studio 15
VisualStudioVersion = 15.0.28010.2048
MinimumVisualStudioVersion = 10.0.40219.1
Project("{FAE04EC0-301F-11D3-BF4B-00C04F79EFBC}") = "falabellaSeguros", "falabellaSeguros\falabellaSeguros.csproj", "{242D0F90-52C6-479E-9FEC-CF47B0D5BD73}"
EndProject
Global
	GlobalSection(SolutionConfigurationPlatforms) = preSolution
		Debug|Any CPU = Debug|Any CPU
		Release|Any CPU = Release|Any CPU
	EndGlobalSection
	GlobalSection(ProjectConfigurationPlatforms) = postSolution
		{242D0F90-52C6-479E-9FEC-CF47B0D5BD73}.Debug|Any CPU.ActiveCfg = Debug|Any CPU
		{242D0F90-52C6-479E-9FEC-CF47B0D5BD73}.Debug|Any CPU.Build.0 = Debug|Any CPU
		{242D0F90-52C6-479E-9FEC-CF47B0D5BD73}.Release|Any CPU.ActiveCfg = Release|Any CPU
		{242D0F90-52C6-479E-9FEC-CF47B0D5BD73}.Release|Any CPU.Build.0 = Release|Any CPU
	EndGlobalSection
	GlobalSection(SolutionProperties) = preSolution
		HideSolutionNode = FALSE
	EndGlobalSection
	GlobalSection(ExtensibilityGlobals) = postSolution
		SolutionGuid = {715EFCE8-DA2B-4B41-AC32-5BF20A15D09B}
	EndGlobalSection
EndGlobal
